
Microsoft Visual Studio Solution File, Format Version 12.00
# Visual Studio 2013
VisualStudioVersion = 12.0.31101.0
MinimumVisualStudioVersion = 10.0.40219.1
Project("{2150E333-8FDC-42A3-9474-1A3956D46DE8}") = ".nuget", ".nuget", "{1207C2F4-D695-48D4-A0D1-9258EC678E22}"
	ProjectSection(SolutionItems) = preProject
		.nuget\NuGet.Config = .nuget\NuGet.Config
		.nuget\NuGet.exe = .nuget\NuGet.exe
	EndProjectSection
EndProject
Project("{2150E333-8FDC-42A3-9474-1A3956D46DE8}") = "Solution Items", "Solution Items", "{C400BE02-457C-4C0D-BEE1-874EC44EAA22}"
	ProjectSection(SolutionItems) = preProject
		License.txt = License.txt
		MongoDB.FSharp.nuspec = MongoDB.FSharp.nuspec
		package.ps1 = package.ps1
		README.md = README.md
	EndProjectSection
EndProject
Project("{F2A71F9B-5D33-465A-A702-920D77279786}") = "MongoDB.FSharp", "MongoDB.FSharp\MongoDB.FSharp.fsproj", "{80694398-03AF-45BD-8DCB-C5ED13799DB4}"
EndProject
Project("{F2A71F9B-5D33-465A-A702-920D77279786}") = "MongoDB.FSharp.Tests", "MongoDB.FSharp.Tests\MongoDB.FSharp.Tests.fsproj", "{DE725DAC-C637-4DA7-A30D-69061D33D1B2}"
EndProject
Global
	GlobalSection(SolutionConfigurationPlatforms) = preSolution
		Debug|Any CPU = Debug|Any CPU
		Release|Any CPU = Release|Any CPU
	EndGlobalSection
	GlobalSection(ProjectConfigurationPlatforms) = postSolution
		{80694398-03AF-45BD-8DCB-C5ED13799DB4}.Debug|Any CPU.ActiveCfg = Debug|Any CPU
		{80694398-03AF-45BD-8DCB-C5ED13799DB4}.Debug|Any CPU.Build.0 = Debug|Any CPU
		{80694398-03AF-45BD-8DCB-C5ED13799DB4}.Release|Any CPU.ActiveCfg = Release|Any CPU
		{80694398-03AF-45BD-8DCB-C5ED13799DB4}.Release|Any CPU.Build.0 = Release|Any CPU
		{DE725DAC-C637-4DA7-A30D-69061D33D1B2}.Debug|Any CPU.ActiveCfg = Debug|Any CPU
		{DE725DAC-C637-4DA7-A30D-69061D33D1B2}.Debug|Any CPU.Build.0 = Debug|Any CPU
		{DE725DAC-C637-4DA7-A30D-69061D33D1B2}.Release|Any CPU.ActiveCfg = Release|Any CPU
		{DE725DAC-C637-4DA7-A30D-69061D33D1B2}.Release|Any CPU.Build.0 = Release|Any CPU
	EndGlobalSection
	GlobalSection(SolutionProperties) = preSolution
		HideSolutionNode = FALSE
	EndGlobalSection
EndGlobal
